
Microsoft Visual Studio Solution File, Format Version 12.00
# Visual Studio Version 17
VisualStudioVersion = 17.2.32602.215
MinimumVisualStudioVersion = 10.0.40219.1
Project("{FAE04EC0-301F-11D3-BF4B-00C04F79EFBC}") = "ProjectWe", "ProjectWe.csproj", "{111DA8C8-9FFC-4AAD-B999-360F538FE810}"
EndProject
Global
	GlobalSection(SolutionConfigurationPlatforms) = preSolution
		Debug|Any CPU = Debug|Any CPU
		Release|Any CPU = Release|Any CPU
	EndGlobalSection
	GlobalSection(ProjectConfigurationPlatforms) = postSolution
		{111DA8C8-9FFC-4AAD-B999-360F538FE810}.Debug|Any CPU.ActiveCfg = Debug|Any CPU
		{111DA8C8-9FFC-4AAD-B999-360F538FE810}.Debug|Any CPU.Build.0 = Debug|Any CPU
		{111DA8C8-9FFC-4AAD-B999-360F538FE810}.Release|Any CPU.ActiveCfg = Release|Any CPU
		{111DA8C8-9FFC-4AAD-B999-360F538FE810}.Release|Any CPU.Build.0 = Release|Any CPU
	EndGlobalSection
	GlobalSection(SolutionProperties) = preSolution
		HideSolutionNode = FALSE
	EndGlobalSection
	GlobalSection(ExtensibilityGlobals) = postSolution
		SolutionGuid = {E564A20B-D4EE-4F32-A439-416E5303D67A}
	EndGlobalSection
EndGlobal
